
Microsoft Visual Studio Solution File, Format Version 12.00
# Visual Studio Version 16
VisualStudioVersion = 16.0.29709.97
MinimumVisualStudioVersion = 10.0.40219.1
Project("{9A19103F-16F7-4668-BE54-9A1E7A4F7556}") = "200127-Exo01 Somme de n nombres random", "200127-Exo1\200127-Exo01 Somme de n nombres random.csproj", "{38764229-05AF-426D-9368-B33472D97795}"
EndProject
Project("{9A19103F-16F7-4668-BE54-9A1E7A4F7556}") = "200127-Exo02 tableau de n nombres saisis", "200127-Exo2\200127-Exo02 tableau de n nombres saisis.csproj", "{0E321C4E-39E4-4F72-B205-AE9DC70EFA2D}"
EndProject
Project("{9A19103F-16F7-4668-BE54-9A1E7A4F7556}") = "200127-Exo03 Pallindrome", "200127-Exo3\200127-Exo03 Pallindrome.csproj", "{922F958C-34DA-487C-A2E0-041E05BB5ABF}"
EndProject
Project("{9A19103F-16F7-4668-BE54-9A1E7A4F7556}") = "200128-Exo04 Triangle d'étoiles", "200128-Exo4\200128-Exo04 Triangle d'étoiles.csproj", "{D21508D7-EB46-4624-A633-D17E497F6855}"
EndProject
Project("{9A19103F-16F7-4668-BE54-9A1E7A4F7556}") = "200128-Exo05 Suite Géométrique", "200128-Exo5\200128-Exo05 Suite Géométrique.csproj", "{4F015BE6-218E-4E0F-A823-2C0E383AD7DF}"
EndProject
Project("{9A19103F-16F7-4668-BE54-9A1E7A4F7556}") = "200128-Exo06 Suite Arithmétique", "200128-Exo6\200128-Exo06 Suite Arithmétique.csproj", "{29A76CCF-2336-462D-A7A3-DD739A8752C9}"
EndProject
Project("{9A19103F-16F7-4668-BE54-9A1E7A4F7556}") = "200128-Exo07 Suite de Fibonacci", "200128-Fibonacci\200128-Exo07 Suite de Fibonacci.csproj", "{F5A83FFB-F173-4AB0-8760-340B8F007942}"
EndProject
Project("{9A19103F-16F7-4668-BE54-9A1E7A4F7556}") = "200128-Exo08 Inversion recursive tabChar", "200128-Exo8\200128-Exo08 Inversion recursive tabChar.csproj", "{DE2744EC-2602-4CAE-B398-0E68F86666AF}"
EndProject
Project("{9A19103F-16F7-4668-BE54-9A1E7A4F7556}") = "200130-Exo10 Factorielle", "200130-Exo10\200130-Exo10 Factorielle.csproj", "{DFBDD657-7A17-4355-A169-EB45FE78AAB7}"
EndProject
Project("{9A19103F-16F7-4668-BE54-9A1E7A4F7556}") = "200130-Exo09 Table de X", "200130-Exo9\200130-Exo09 Table de X.csproj", "{3DA7FEB9-3ACE-485D-AAC8-14D45C5E65A6}"
EndProject
Project("{9A19103F-16F7-4668-BE54-9A1E7A4F7556}") = "200130-Exo11 Min Max tabInt", "200130-Exo11\200130-Exo11 Min Max tabInt.csproj", "{15090B0E-1B75-405A-A40E-389D85973482}"
EndProject
Project("{9A19103F-16F7-4668-BE54-9A1E7A4F7556}") = "200130-Exo12 Valeur manquante", "200130-Exo12\200130-Exo12 Valeur manquante.csproj", "{19F8072F-59FB-4FB5-84D7-4BDAD190FE90}"
EndProject
Project("{2150E333-8FDC-42A3-9474-1A3956D46DE8}") = "Cours", "Cours", "{094B16AD-A2BD-45EC-93FD-10C42B7CF1DF}"
EndProject
Project("{2150E333-8FDC-42A3-9474-1A3956D46DE8}") = "Exos", "Exos", "{4C27CEF8-86CA-4E19-A001-98CDC3B77E1B}"
EndProject
Project("{9A19103F-16F7-4668-BE54-9A1E7A4F7556}") = "Exceptions", "Exceptions\Exceptions.csproj", "{3137B9B3-A291-4B8C-98BB-49BCB2A891A5}"
EndProject
Project("{9A19103F-16F7-4668-BE54-9A1E7A4F7556}") = "200127-Cours 1", "200127-Cours1\200127-Cours 1.csproj", "{96B987D6-6663-4CDD-8E52-367F15D8189A}"
EndProject
Global
	GlobalSection(SolutionConfigurationPlatforms) = preSolution
		Debug|Any CPU = Debug|Any CPU
		Release|Any CPU = Release|Any CPU
	EndGlobalSection
	GlobalSection(ProjectConfigurationPlatforms) = postSolution
		{38764229-05AF-426D-9368-B33472D97795}.Debug|Any CPU.ActiveCfg = Debug|Any CPU
		{38764229-05AF-426D-9368-B33472D97795}.Debug|Any CPU.Build.0 = Debug|Any CPU
		{38764229-05AF-426D-9368-B33472D97795}.Release|Any CPU.ActiveCfg = Release|Any CPU
		{38764229-05AF-426D-9368-B33472D97795}.Release|Any CPU.Build.0 = Release|Any CPU
		{0E321C4E-39E4-4F72-B205-AE9DC70EFA2D}.Debug|Any CPU.ActiveCfg = Debug|Any CPU
		{0E321C4E-39E4-4F72-B205-AE9DC70EFA2D}.Debug|Any CPU.Build.0 = Debug|Any CPU
		{0E321C4E-39E4-4F72-B205-AE9DC70EFA2D}.Release|Any CPU.ActiveCfg = Release|Any CPU
		{0E321C4E-39E4-4F72-B205-AE9DC70EFA2D}.Release|Any CPU.Build.0 = Release|Any CPU
		{922F958C-34DA-487C-A2E0-041E05BB5ABF}.Debug|Any CPU.ActiveCfg = Debug|Any CPU
		{922F958C-34DA-487C-A2E0-041E05BB5ABF}.Debug|Any CPU.Build.0 = Debug|Any CPU
		{922F958C-34DA-487C-A2E0-041E05BB5ABF}.Release|Any CPU.ActiveCfg = Release|Any CPU
		{922F958C-34DA-487C-A2E0-041E05BB5ABF}.Release|Any CPU.Build.0 = Release|Any CPU
		{D21508D7-EB46-4624-A633-D17E497F6855}.Debug|Any CPU.ActiveCfg = Debug|Any CPU
		{D21508D7-EB46-4624-A633-D17E497F6855}.Debug|Any CPU.Build.0 = Debug|Any CPU
		{D21508D7-EB46-4624-A633-D17E497F6855}.Release|Any CPU.ActiveCfg = Release|Any CPU
		{D21508D7-EB46-4624-A633-D17E497F6855}.Release|Any CPU.Build.0 = Release|Any CPU
		{4F015BE6-218E-4E0F-A823-2C0E383AD7DF}.Debug|Any CPU.ActiveCfg = Debug|Any CPU
		{4F015BE6-218E-4E0F-A823-2C0E383AD7DF}.Debug|Any CPU.Build.0 = Debug|Any CPU
		{4F015BE6-218E-4E0F-A823-2C0E383AD7DF}.Release|Any CPU.ActiveCfg = Release|Any CPU
		{4F015BE6-218E-4E0F-A823-2C0E383AD7DF}.Release|Any CPU.Build.0 = Release|Any CPU
		{29A76CCF-2336-462D-A7A3-DD739A8752C9}.Debug|Any CPU.ActiveCfg = Debug|Any CPU
		{29A76CCF-2336-462D-A7A3-DD739A8752C9}.Debug|Any CPU.Build.0 = Debug|Any CPU
		{29A76CCF-2336-462D-A7A3-DD739A8752C9}.Release|Any CPU.ActiveCfg = Release|Any CPU
		{29A76CCF-2336-462D-A7A3-DD739A8752C9}.Release|Any CPU.Build.0 = Release|Any CPU
		{F5A83FFB-F173-4AB0-8760-340B8F007942}.Debug|Any CPU.ActiveCfg = Debug|Any CPU
		{F5A83FFB-F173-4AB0-8760-340B8F007942}.Debug|Any CPU.Build.0 = Debug|Any CPU
		{F5A83FFB-F173-4AB0-8760-340B8F007942}.Release|Any CPU.ActiveCfg = Release|Any CPU
		{F5A83FFB-F173-4AB0-8760-340B8F007942}.Release|Any CPU.Build.0 = Release|Any CPU
		{DE2744EC-2602-4CAE-B398-0E68F86666AF}.Debug|Any CPU.ActiveCfg = Debug|Any CPU
		{DE2744EC-2602-4CAE-B398-0E68F86666AF}.Debug|Any CPU.Build.0 = Debug|Any CPU
		{DE2744EC-2602-4CAE-B398-0E68F86666AF}.Release|Any CPU.ActiveCfg = Release|Any CPU
		{DE2744EC-2602-4CAE-B398-0E68F86666AF}.Release|Any CPU.Build.0 = Release|Any CPU
		{DFBDD657-7A17-4355-A169-EB45FE78AAB7}.Debug|Any CPU.ActiveCfg = Debug|Any CPU
		{DFBDD657-7A17-4355-A169-EB45FE78AAB7}.Debug|Any CPU.Build.0 = Debug|Any CPU
		{DFBDD657-7A17-4355-A169-EB45FE78AAB7}.Release|Any CPU.ActiveCfg = Release|Any CPU
		{DFBDD657-7A17-4355-A169-EB45FE78AAB7}.Release|Any CPU.Build.0 = Release|Any CPU
		{3DA7FEB9-3ACE-485D-AAC8-14D45C5E65A6}.Debug|Any CPU.ActiveCfg = Debug|Any CPU
		{3DA7FEB9-3ACE-485D-AAC8-14D45C5E65A6}.Debug|Any CPU.Build.0 = Debug|Any CPU
		{3DA7FEB9-3ACE-485D-AAC8-14D45C5E65A6}.Release|Any CPU.ActiveCfg = Release|Any CPU
		{3DA7FEB9-3ACE-485D-AAC8-14D45C5E65A6}.Release|Any CPU.Build.0 = Release|Any CPU
		{15090B0E-1B75-405A-A40E-389D85973482}.Debug|Any CPU.ActiveCfg = Debug|Any CPU
		{15090B0E-1B75-405A-A40E-389D85973482}.Debug|Any CPU.Build.0 = Debug|Any CPU
		{15090B0E-1B75-405A-A40E-389D85973482}.Release|Any CPU.ActiveCfg = Release|Any CPU
		{15090B0E-1B75-405A-A40E-389D85973482}.Release|Any CPU.Build.0 = Release|Any CPU
		{19F8072F-59FB-4FB5-84D7-4BDAD190FE90}.Debug|Any CPU.ActiveCfg = Debug|Any CPU
		{19F8072F-59FB-4FB5-84D7-4BDAD190FE90}.Debug|Any CPU.Build.0 = Debug|Any CPU
		{19F8072F-59FB-4FB5-84D7-4BDAD190FE90}.Release|Any CPU.ActiveCfg = Release|Any CPU
		{19F8072F-59FB-4FB5-84D7-4BDAD190FE90}.Release|Any CPU.Build.0 = Release|Any CPU
		{3137B9B3-A291-4B8C-98BB-49BCB2A891A5}.Debug|Any CPU.ActiveCfg = Debug|Any CPU
		{3137B9B3-A291-4B8C-98BB-49BCB2A891A5}.Debug|Any CPU.Build.0 = Debug|Any CPU
		{3137B9B3-A291-4B8C-98BB-49BCB2A891A5}.Release|Any CPU.ActiveCfg = Release|Any CPU
		{3137B9B3-A291-4B8C-98BB-49BCB2A891A5}.Release|Any CPU.Build.0 = Release|Any CPU
		{96B987D6-6663-4CDD-8E52-367F15D8189A}.Debug|Any CPU.ActiveCfg = Debug|Any CPU
		{96B987D6-6663-4CDD-8E52-367F15D8189A}.Debug|Any CPU.Build.0 = Debug|Any CPU
		{96B987D6-6663-4CDD-8E52-367F15D8189A}.Release|Any CPU.ActiveCfg = Release|Any CPU
		{96B987D6-6663-4CDD-8E52-367F15D8189A}.Release|Any CPU.Build.0 = Release|Any CPU
	EndGlobalSection
	GlobalSection(SolutionProperties) = preSolution
		HideSolutionNode = FALSE
	EndGlobalSection
	GlobalSection(NestedProjects) = preSolution
		{38764229-05AF-426D-9368-B33472D97795} = {4C27CEF8-86CA-4E19-A001-98CDC3B77E1B}
		{0E321C4E-39E4-4F72-B205-AE9DC70EFA2D} = {4C27CEF8-86CA-4E19-A001-98CDC3B77E1B}
		{922F958C-34DA-487C-A2E0-041E05BB5ABF} = {4C27CEF8-86CA-4E19-A001-98CDC3B77E1B}
		{D21508D7-EB46-4624-A633-D17E497F6855} = {4C27CEF8-86CA-4E19-A001-98CDC3B77E1B}
		{4F015BE6-218E-4E0F-A823-2C0E383AD7DF} = {4C27CEF8-86CA-4E19-A001-98CDC3B77E1B}
		{29A76CCF-2336-462D-A7A3-DD739A8752C9} = {4C27CEF8-86CA-4E19-A001-98CDC3B77E1B}
		{F5A83FFB-F173-4AB0-8760-340B8F007942} = {4C27CEF8-86CA-4E19-A001-98CDC3B77E1B}
		{DE2744EC-2602-4CAE-B398-0E68F86666AF} = {4C27CEF8-86CA-4E19-A001-98CDC3B77E1B}
		{DFBDD657-7A17-4355-A169-EB45FE78AAB7} = {4C27CEF8-86CA-4E19-A001-98CDC3B77E1B}
		{3DA7FEB9-3ACE-485D-AAC8-14D45C5E65A6} = {4C27CEF8-86CA-4E19-A001-98CDC3B77E1B}
		{15090B0E-1B75-405A-A40E-389D85973482} = {4C27CEF8-86CA-4E19-A001-98CDC3B77E1B}
		{19F8072F-59FB-4FB5-84D7-4BDAD190FE90} = {4C27CEF8-86CA-4E19-A001-98CDC3B77E1B}
		{3137B9B3-A291-4B8C-98BB-49BCB2A891A5} = {094B16AD-A2BD-45EC-93FD-10C42B7CF1DF}
		{96B987D6-6663-4CDD-8E52-367F15D8189A} = {094B16AD-A2BD-45EC-93FD-10C42B7CF1DF}
	EndGlobalSection
	GlobalSection(ExtensibilityGlobals) = postSolution
		SolutionGuid = {CD2132A4-31EF-4BA9-A4C4-77FF5C46BE14}
	EndGlobalSection
EndGlobal
